// !$*UTF8*$!
{
	archiveVersion = 1;
	classes = {
	};
	objectVersion = 56;
	objects = {

/* Begin PBXBuildFile section */
		A10000000000000000000001 /* HypeRateOnMacApp.swift in Sources */ = {isa = PBXBuildFile; fileRef = A10000000000000000000011 /* HypeRateOnMacApp.swift */; };
		A10000000000000000000002 /* HeartRateData.swift in Sources */ = {isa = PBXBuildFile; fileRef = A10000000000000000000021 /* HeartRateData.swift */; };
		A10000000000000000000003 /* MenuBarManager.swift in Sources */ = {isa = PBXBuildFile; fileRef = A10000000000000000000031 /* MenuBarManager.swift */; };
		A10000000000000000000004 /* HeartRateService.swift in Sources */ = {isa = PBXBuildFile; fileRef = A10000000000000000000041 /* HeartRateService.swift */; };
		A10000000000000000000005 /* SettingsService.swift in Sources */ = {isa = PBXBuildFile; fileRef = A10000000000000000000051 /* SettingsService.swift */; };
		A10000000000000000000006 /* HeartRateViewModel.swift in Sources */ = {isa = PBXBuildFile; fileRef = A10000000000000000000061 /* HeartRateViewModel.swift */; };
		A10000000000000000000007 /* MenuBarView.swift in Sources */ = {isa = PBXBuildFile; fileRef = A10000000000000000000071 /* MenuBarView.swift */; };
/* End PBXBuildFile section */

/* Begin PBXFileReference section */
		A10000000000000000000010 /* HypeRateOnMac.app */ = {isa = PBXFileReference; explicitFileType = wrapper.application; includeInIndex = 0; path = HypeRateOnMac.app; sourceTree = BUILT_PRODUCTS_DIR; };
		A10000000000000000000011 /* HypeRateOnMacApp.swift */ = {isa = PBXFileReference; lastKnownFileType = sourcecode.swift; path = HypeRateOnMacApp.swift; sourceTree = "<group>"; };
		A10000000000000000000021 /* HeartRateData.swift */ = {isa = PBXFileReference; lastKnownFileType = sourcecode.swift; path = HeartRateData.swift; sourceTree = "<group>"; };
		A10000000000000000000031 /* MenuBarManager.swift */ = {isa = PBXFileReference; lastKnownFileType = sourcecode.swift; path = MenuBarManager.swift; sourceTree = "<group>"; };
		A10000000000000000000041 /* HeartRateService.swift */ = {isa = PBXFileReference; lastKnownFileType = sourcecode.swift; path = HeartRateService.swift; sourceTree = "<group>"; };
		A10000000000000000000051 /* SettingsService.swift */ = {isa = PBXFileReference; lastKnownFileType = sourcecode.swift; path = SettingsService.swift; sourceTree = "<group>"; };
		A10000000000000000000061 /* HeartRateViewModel.swift */ = {isa = PBXFileReference; lastKnownFileType = sourcecode.swift; path = HeartRateViewModel.swift; sourceTree = "<group>"; };
		A10000000000000000000071 /* MenuBarView.swift */ = {isa = PBXFileReference; lastKnownFileType = sourcecode.swift; path = MenuBarView.swift; sourceTree = "<group>"; };
/* End PBXFileReference section */

/* Begin PBXFrameworksBuildPhase section */
		A10000000000000000000090 /* Frameworks */ = {
			isa = PBXFrameworksBuildPhase;
			buildActionMask = 2147483647;
			files = (
			);
			runOnlyForDeploymentPostprocessing = 0;
		};
/* End PBXFrameworksBuildPhase section */

/* Begin PBXGroup section */
		A10000000000000000000100 = {
			isa = PBXGroup;
			children = (
				A10000000000000000000110 /* HypeRateOnMac */,
				A10000000000000000000120 /* Products */,
			);
			sourceTree = "<group>";
		};
		A10000000000000000000110 /* HypeRateOnMac */ = {
			isa = PBXGroup;
			children = (
				A10000000000000000000011 /* HypeRateOnMacApp.swift */,
				A10000000000000000000135 /* Managers */,
				A10000000000000000000130 /* Models */,
				A10000000000000000000140 /* Services */,
				A10000000000000000000150 /* ViewModels */,
				A10000000000000000000160 /* Views */,
			);
			path = HypeRateOnMac;
			sourceTree = "<group>";
		};
		A10000000000000000000120 /* Products */ = {
			isa = PBXGroup;
			children = (
				A10000000000000000000010 /* HypeRateOnMac.app */,
			);
			name = Products;
			sourceTree = "<group>";
		};
		A10000000000000000000130 /* Models */ = {
			isa = PBXGroup;
			children = (
				A10000000000000000000021 /* HeartRateData.swift */,
			);
			path = Models;
			sourceTree = "<group>";
		};
		A10000000000000000000135 /* Managers */ = {
			isa = PBXGroup;
			children = (
				A10000000000000000000031 /* MenuBarManager.swift */,
			);
			path = Managers;
			sourceTree = "<group>";
		};
		A10000000000000000000140 /* Services */ = {
			isa = PBXGroup;
			children = (
				A10000000000000000000041 /* HeartRateService.swift */,
				A10000000000000000000051 /* SettingsService.swift */,
			);
			path = Services;
			sourceTree = "<group>";
		};
		A10000000000000000000150 /* ViewModels */ = {
			isa = PBXGroup;
			children = (
				A10000000000000000000061 /* HeartRateViewModel.swift */,
			);
			path = ViewModels;
			sourceTree = "<group>";
		};
		A10000000000000000000160 /* Views */ = {
			isa = PBXGroup;
			children = (
				A10000000000000000000071 /* MenuBarView.swift */,
			);
			path = Views;
			sourceTree = "<group>";
		};
/* End PBXGroup section */

/* Begin PBXNativeTarget section */
		A10000000000000000000200 /* HypeRateOnMac */ = {
			isa = PBXNativeTarget;
			buildConfigurationList = A10000000000000000000210 /* Build configuration list for PBXNativeTarget "HypeRateOnMac" */;
			buildPhases = (
				A10000000000000000000220 /* Sources */,
				A10000000000000000000090 /* Frameworks */,
				A10000000000000000000230 /* Resources */,
			);
			buildRules = (
			);
			dependencies = (
			);
			name = HypeRateOnMac;
			productName = HypeRateOnMac;
			productReference = A10000000000000000000010 /* HypeRateOnMac.app */;
			productType = "com.apple.product-type.application";
		};
/* End PBXNativeTarget section */

/* Begin PBXProject section */
		A10000000000000000000250 /* Project object */ = {
			isa = PBXProject;
			attributes = {
				BuildIndependentTargetsInParallel = 1;
				LastSwiftUpdateCheck = 1500;
				LastUpgradeCheck = 2620;
				TargetAttributes = {
					A10000000000000000000200 = {
						CreatedOnToolsVersion = 15.0;
					};
				};
			};
			buildConfigurationList = A10000000000000000000260 /* Build configuration list for PBXProject "HypeRateOnMac" */;
			compatibilityVersion = "Xcode 14.0";
			developmentRegion = en;
			hasScannedForEncodings = 0;
			knownRegions = (
				en,
				Base,
			);
			mainGroup = A10000000000000000000100;
			productRefGroup = A10000000000000000000120 /* Products */;
			projectDirPath = "";
			projectRoot = "";
			targets = (
				A10000000000000000000200 /* HypeRateOnMac */,
			);
		};
/* End PBXProject section */

/* Begin PBXResourcesBuildPhase section */
		A10000000000000000000230 /* Resources */ = {
			isa = PBXResourcesBuildPhase;
			buildActionMask = 2147483647;
			files = (
			);
			runOnlyForDeploymentPostprocessing = 0;
		};
/* End PBXResourcesBuildPhase section */

/* Begin PBXSourcesBuildPhase section */
		A10000000000000000000220 /* Sources */ = {
			isa = PBXSourcesBuildPhase;
			buildActionMask = 2147483647;
			files = (
				A10000000000000000000001 /* HypeRateOnMacApp.swift in Sources */,
				A10000000000000000000003 /* MenuBarManager.swift in Sources */,
				A10000000000000000000002 /* HeartRateData.swift in Sources */,
				A10000000000000000000004 /* HeartRateService.swift in Sources */,
				A10000000000000000000005 /* SettingsService.swift in Sources */,
				A10000000000000000000006 /* HeartRateViewModel.swift in Sources */,
				A10000000000000000000007 /* MenuBarView.swift in Sources */,
			);
			runOnlyForDeploymentPostprocessing = 0;
		};
/* End PBXSourcesBuildPhase section */

/* Begin XCBuildConfiguration section */
		A10000000000000000000300 /* Debug */ = {
			isa = XCBuildConfiguration;
			buildSettings = {
				ALWAYS_SEARCH_USER_PATHS = NO;
				ASSETCATALOG_COMPILER_GENERATE_SWIFT_ASSET_SYMBOL_EXTENSIONS = YES;
				CLANG_ANALYZER_NONNULL = YES;
				CLANG_ANALYZER_NUMBER_OBJECT_CONVERSION = YES_AGGRESSIVE;
				CLANG_CXX_LANGUAGE_STANDARD = "gnu++20";
				CLANG_ENABLE_MODULES = YES;
				CLANG_ENABLE_OBJC_ARC = YES;
				CLANG_ENABLE_OBJC_WEAK = YES;
				CLANG_WARN_BLOCK_CAPTURE_AUTORELEASING = YES;
				CLANG_WARN_BOOL_CONVERSION = YES;
				CLANG_WARN_COMMA = YES;
				CLANG_WARN_CONSTANT_CONVERSION = YES;
				CLANG_WARN_DEPRECATED_OBJC_IMPLEMENTATIONS = YES;
				CLANG_WARN_DIRECT_OBJC_ISA_USAGE = YES_ERROR;
				CLANG_WARN_DOCUMENTATION_COMMENTS = YES;
				CLANG_WARN_EMPTY_BODY = YES;
				CLANG_WARN_ENUM_CONVERSION = YES;
				CLANG_WARN_INFINITE_RECURSION = YES;
				CLANG_WARN_INT_CONVERSION = YES;
				CLANG_WARN_NON_LITERAL_NULL_CONVERSION = YES;
				CLANG_WARN_OBJC_IMPLICIT_RETAIN_SELF = YES;
				CLANG_WARN_OBJC_LITERAL_CONVERSION = YES;
				CLANG_WARN_OBJC_ROOT_CLASS = YES_ERROR;
				CLANG_WARN_QUOTED_INCLUDE_IN_FRAMEWORK_HEADER = YES;
				CLANG_WARN_RANGE_LOOP_ANALYSIS = YES;
				CLANG_WARN_STRICT_PROTOTYPES = YES;
				CLANG_WARN_SUSPICIOUS_MOVE = YES;
				CLANG_WARN_UNGUARDED_AVAILABILITY = YES_AGGRESSIVE;
				CLANG_WARN_UNREACHABLE_CODE = YES;
				CLANG_WARN__DUPLICATE_METHOD_MATCH = YES;
				COPY_PHASE_STRIP = NO;
				DEAD_CODE_STRIPPING = YES;
				DEBUG_INFORMATION_FORMAT = dwarf;
				ENABLE_STRICT_OBJC_MSGSEND = YES;
				ENABLE_TESTABILITY = YES;
				ENABLE_USER_SCRIPT_SANDBOXING = NO;
				GCC_C_LANGUAGE_STANDARD = gnu17;
				GCC_DYNAMIC_NO_PIC = NO;
				GCC_NO_COMMON_BLOCKS = YES;
				GCC_OPTIMIZATION_LEVEL = 0;
				GCC_PREPROCESSOR_DEFINITIONS = (
					"DEBUG=1",
					"$(inherited)",
				);
				GCC_WARN_64_TO_32_BIT_CONVERSION = YES;
				GCC_WARN_ABOUT_RETURN_TYPE = YES_ERROR;
				GCC_WARN_UNDECLARED_SELECTOR = YES;
				GCC_WARN_UNINITIALIZED_AUTOS = YES_AGGRESSIVE;
				GCC_WARN_UNUSED_FUNCTION = YES;
				GCC_WARN_UNUSED_VARIABLE = YES;
				LOCALIZATION_PREFERS_STRING_CATALOGS = YES;
				MACOSX_DEPLOYMENT_TARGET = 13.0;
				MTL_ENABLE_DEBUG_INFO = INCLUDE_SOURCE;
				MTL_FAST_MATH = YES;
				ONLY_ACTIVE_ARCH = YES;
				SDKROOT = macosx;
				STRING_CATALOG_GENERATE_SYMBOLS = YES;
				SWIFT_ACTIVE_COMPILATION_CONDITIONS = "DEBUG $(inherited)";
				SWIFT_OPTIMIZATION_LEVEL = "-Onone";
			};
			name = Debug;
		};
		A10000000000000000000301 /* Release */ = {
			isa = XCBuildConfiguration;
			buildSettings = {
				ALWAYS_SEARCH_USER_PATHS = NO;
				ASSETCATALOG_COMPILER_GENERATE_SWIFT_ASSET_SYMBOL_EXTENSIONS = YES;
				CLANG_ANALYZER_NONNULL = YES;
				CLANG_ANALYZER_NUMBER_OBJECT_CONVERSION = YES_AGGRESSIVE;
				CLANG_CXX_LANGUAGE_STANDARD = "gnu++20";
				CLANG_ENABLE_MODULES = YES;
				CLANG_ENABLE_OBJC_ARC = YES;
				CLANG_ENABLE_OBJC_WEAK = YES;
				CLANG_WARN_BLOCK_CAPTURE_AUTORELEASING = YES;
				CLANG_WARN_BOOL_CONVERSION = YES;
				CLANG_WARN_COMMA = YES;
				CLANG_WARN_CONSTANT_CONVERSION = YES;
				CLANG_WARN_DEPRECATED_OBJC_IMPLEMENTATIONS = YES;
				CLANG_WARN_DIRECT_OBJC_ISA_USAGE = YES_ERROR;
				CLANG_WARN_DOCUMENTATION_COMMENTS = YES;
				CLANG_WARN_EMPTY_BODY = YES;
				CLANG_WARN_ENUM_CONVERSION = YES;
				CLANG_WARN_INFINITE_RECURSION = YES;
				CLANG_WARN_INT_CONVERSION = YES;
				CLANG_WARN_NON_LITERAL_NULL_CONVERSION = YES;
				CLANG_WARN_OBJC_IMPLICIT_RETAIN_SELF = YES;
				CLANG_WARN_OBJC_LITERAL_CONVERSION = YES;
				CLANG_WARN_OBJC_ROOT_CLASS = YES_ERROR;
				CLANG_WARN_QUOTED_INCLUDE_IN_FRAMEWORK_HEADER = YES;
				CLANG_WARN_RANGE_LOOP_ANALYSIS = YES;
				CLANG_WARN_STRICT_PROTOTYPES = YES;
				CLANG_WARN_SUSPICIOUS_MOVE = YES;
				CLANG_WARN_UNGUARDED_AVAILABILITY = YES_AGGRESSIVE;
				CLANG_WARN_UNREACHABLE_CODE = YES;
				CLANG_WARN__DUPLICATE_METHOD_MATCH = YES;
				COPY_PHASE_STRIP = NO;
				DEAD_CODE_STRIPPING = YES;
				DEBUG_INFORMATION_FORMAT = "dwarf-with-dsym";
				ENABLE_NS_ASSERTIONS = NO;
				ENABLE_STRICT_OBJC_MSGSEND = YES;
				ENABLE_USER_SCRIPT_SANDBOXING = NO;
				GCC_C_LANGUAGE_STANDARD = gnu17;
				GCC_NO_COMMON_BLOCKS = YES;
				GCC_WARN_64_TO_32_BIT_CONVERSION = YES;
				GCC_WARN_ABOUT_RETURN_TYPE = YES_ERROR;
				GCC_WARN_UNDECLARED_SELECTOR = YES;
				GCC_WARN_UNINITIALIZED_AUTOS = YES_AGGRESSIVE;
				GCC_WARN_UNUSED_FUNCTION = YES;
				GCC_WARN_UNUSED_VARIABLE = YES;
				LOCALIZATION_PREFERS_STRING_CATALOGS = YES;
				MACOSX_DEPLOYMENT_TARGET = 13.0;
				MTL_ENABLE_DEBUG_INFO = NO;
				MTL_FAST_MATH = YES;
				SDKROOT = macosx;
				STRING_CATALOG_GENERATE_SYMBOLS = YES;
				SWIFT_COMPILATION_MODE = wholemodule;
			};
			name = Release;
		};
		A10000000000000000000310 /* Debug */ = {
			isa = XCBuildConfiguration;
			buildSettings = {
				ASSETCATALOG_COMPILER_APPICON_NAME = AppIcon;
				ASSETCATALOG_COMPILER_GLOBAL_ACCENT_COLOR_NAME = AccentColor;
				CODE_SIGN_ENTITLEMENTS = HypeRateOnMac/HypeRateOnMac.entitlements;
				CODE_SIGN_STYLE = Automatic;
				COMBINE_HIDPI_IMAGES = YES;
				CURRENT_PROJECT_VERSION = 1;
				DEAD_CODE_STRIPPING = YES;
				DEVELOPMENT_ASSET_PATHS = "";
				ENABLE_APP_SANDBOX = YES;
				ENABLE_OUTGOING_NETWORK_CONNECTIONS = YES;
				ENABLE_PREVIEWS = YES;
				GENERATE_INFOPLIST_FILE = YES;
				INFOPLIST_KEY_LSApplicationCategoryType = "public.app-category.utilities";
				INFOPLIST_KEY_LSUIElement = YES;
				INFOPLIST_KEY_NSHumanReadableCopyright = "";
				LD_RUNPATH_SEARCH_PATHS = (
					"$(inherited)",
					"@executable_path/../Frameworks",
				);
				MARKETING_VERSION = 1.0;
				PRODUCT_BUNDLE_IDENTIFIER = com.yourcompany.HypeRateOnMac;
				PRODUCT_NAME = "$(TARGET_NAME)";
				SWIFT_EMIT_LOC_STRINGS = YES;
				SWIFT_VERSION = 5.0;
			};
			name = Debug;
		};
		A10000000000000000000311 /* Release */ = {
			isa = XCBuildConfiguration;
			buildSettings = {
				ASSETCATALOG_COMPILER_APPICON_NAME = AppIcon;
				ASSETCATALOG_COMPILER_GLOBAL_ACCENT_COLOR_NAME = AccentColor;
				CODE_SIGN_ENTITLEMENTS = HypeRateOnMac/HypeRateOnMac.entitlements;
				CODE_SIGN_STYLE = Automatic;
				COMBINE_HIDPI_IMAGES = YES;
				CURRENT_PROJECT_VERSION = 1;
				DEAD_CODE_STRIPPING = YES;
				DEVELOPMENT_ASSET_PATHS = "";
				ENABLE_APP_SANDBOX = YES;
				ENABLE_OUTGOING_NETWORK_CONNECTIONS = YES;
				ENABLE_PREVIEWS = YES;
				GENERATE_INFOPLIST_FILE = YES;
				INFOPLIST_KEY_LSApplicationCategoryType = "public.app-category.utilities";
				INFOPLIST_KEY_LSUIElement = YES;
				INFOPLIST_KEY_NSHumanReadableCopyright = "";
				LD_RUNPATH_SEARCH_PATHS = (
					"$(inherited)",
					"@executable_path/../Frameworks",
				);
				MARKETING_VERSION = 1.0;
				PRODUCT_BUNDLE_IDENTIFIER = com.yourcompany.HypeRateOnMac;
				PRODUCT_NAME = "$(TARGET_NAME)";
				SWIFT_EMIT_LOC_STRINGS = YES;
				SWIFT_VERSION = 5.0;
			};
			name = Release;
		};
/* End XCBuildConfiguration section */

/* Begin XCConfigurationList section */
		A10000000000000000000210 /* Build configuration list for PBXNativeTarget "HypeRateOnMac" */ = {
			isa = XCConfigurationList;
			buildConfigurations = (
				A10000000000000000000310 /* Debug */,
				A10000000000000000000311 /* Release */,
			);
			defaultConfigurationIsVisible = 0;
			defaultConfigurationName = Release;
		};
		A10000000000000000000260 /* Build configuration list for PBXProject "HypeRateOnMac" */ = {
			isa = XCConfigurationList;
			buildConfigurations = (
				A10000000000000000000300 /* Debug */,
				A10000000000000000000301 /* Release */,
			);
			defaultConfigurationIsVisible = 0;
			defaultConfigurationName = Release;
		};
/* End XCConfigurationList section */
	};
	rootObject = A10000000000000000000250 /* Project object */;
}
